
Microsoft Visual Studio Solution File, Format Version 12.00
# Visual Studio 15
VisualStudioVersion = 15.0.28307.645
MinimumVisualStudioVersion = 10.0.40219.1
Project("{F2A71F9B-5D33-465A-A702-920D77279786}") = "yesenin.Orden.Api", "yesenin.Orden.Api\yesenin.Orden.Api.fsproj", "{32615A76-296A-42AA-9123-6815F969BBF1}"
EndProject
Global
	GlobalSection(SolutionConfigurationPlatforms) = preSolution
		Debug|Any CPU = Debug|Any CPU
		Release|Any CPU = Release|Any CPU
	EndGlobalSection
	GlobalSection(ProjectConfigurationPlatforms) = postSolution
		{32615A76-296A-42AA-9123-6815F969BBF1}.Debug|Any CPU.ActiveCfg = Debug|Any CPU
		{32615A76-296A-42AA-9123-6815F969BBF1}.Debug|Any CPU.Build.0 = Debug|Any CPU
		{32615A76-296A-42AA-9123-6815F969BBF1}.Release|Any CPU.ActiveCfg = Release|Any CPU
		{32615A76-296A-42AA-9123-6815F969BBF1}.Release|Any CPU.Build.0 = Release|Any CPU
	EndGlobalSection
	GlobalSection(SolutionProperties) = preSolution
		HideSolutionNode = FALSE
	EndGlobalSection
	GlobalSection(ExtensibilityGlobals) = postSolution
		SolutionGuid = {AF3B50B6-38CC-4F1F-B999-10B6546CC6D4}
	EndGlobalSection
EndGlobal
